
Microsoft Visual Studio Solution File, Format Version 12.00
# Visual Studio Version 17
VisualStudioVersion = 17.8.34511.84
MinimumVisualStudioVersion = 10.0.40219.1
Project("{9A19103F-16F7-4668-BE54-9A1E7A4F7556}") = "Satori", "Satori\Satori.csproj", "{2B12C70B-1860-419D-9FEE-94277A266CAB}"
EndProject
Project("{9A19103F-16F7-4668-BE54-9A1E7A4F7556}") = "Satori.AzureDevOps", "Satori.AzureDevOps\Satori.AzureDevOps.csproj", "{23A97764-FAC8-4ADD-9073-B5CC7E2A4616}"
EndProject
Project("{9A19103F-16F7-4668-BE54-9A1E7A4F7556}") = "Satori.AzureDevOps.Tests", "Satori.AzureDevOps.Tests\Satori.AzureDevOps.Tests.csproj", "{D3AAAE40-0B5A-40E7-80AA-E2BE91995244}"
EndProject
Project("{9A19103F-16F7-4668-BE54-9A1E7A4F7556}") = "Satori.AppServices", "Satori.AppServices\Satori.AppServices.csproj", "{5C9CD62F-B853-43BC-BBC2-76C742F3D4C3}"
EndProject
Project("{9A19103F-16F7-4668-BE54-9A1E7A4F7556}") = "Satori.AppServices.Tests", "Satori.AppServices.Tests\Satori.AppServices.Tests.csproj", "{C3C57096-0EC0-4A39-A3E8-C09E60260D79}"
EndProject
Project("{9A19103F-16F7-4668-BE54-9A1E7A4F7556}") = "Satori.TimeServices", "Satori.TimeServices\Satori.TimeServices.csproj", "{EB67839F-4565-4A53-8570-30AC2047BAAA}"
EndProject
Project("{2150E333-8FDC-42A3-9474-1A3956D46DE8}") = "Solution Items", "Solution Items", "{CB8B22C7-A4D1-4236-9E67-E91299807D1E}"
	ProjectSection(SolutionItems) = preProject
		.editorconfig = .editorconfig
	EndProjectSection
EndProject
Project("{9A19103F-16F7-4668-BE54-9A1E7A4F7556}") = "CodeMonkeyProjectiles.Linq", "CodeMonkeyProjectiles.Linq\CodeMonkeyProjectiles.Linq.csproj", "{2AFCB546-5CCA-407F-8E6E-69737C9E8DBD}"
EndProject
Project("{9A19103F-16F7-4668-BE54-9A1E7A4F7556}") = "Satori.Kimai", "Satori.Kimai\Satori.Kimai.csproj", "{E67E075C-0B32-45F6-8A1D-E6C80BFBFAF0}"
EndProject
Project("{9A19103F-16F7-4668-BE54-9A1E7A4F7556}") = "Satori.Kimai.Tests", "Satori.Kimai.Tests\Satori.Kimai.Tests.csproj", "{A945F2A2-5667-402A-BA28-D514A6E84B87}"
EndProject
Project("{9A19103F-16F7-4668-BE54-9A1E7A4F7556}") = "Satori.MessageQueues", "Satori.MessageQueues\Satori.MessageQueues.csproj", "{8A2F5FDD-5C89-4AAE-A6A6-0872860D5035}"
EndProject
Global
	GlobalSection(SolutionConfigurationPlatforms) = preSolution
		Debug|Any CPU = Debug|Any CPU
		Release|Any CPU = Release|Any CPU
	EndGlobalSection
	GlobalSection(ProjectConfigurationPlatforms) = postSolution
		{2B12C70B-1860-419D-9FEE-94277A266CAB}.Debug|Any CPU.ActiveCfg = Debug|Any CPU
		{2B12C70B-1860-419D-9FEE-94277A266CAB}.Debug|Any CPU.Build.0 = Debug|Any CPU
		{2B12C70B-1860-419D-9FEE-94277A266CAB}.Release|Any CPU.ActiveCfg = Release|Any CPU
		{2B12C70B-1860-419D-9FEE-94277A266CAB}.Release|Any CPU.Build.0 = Release|Any CPU
		{23A97764-FAC8-4ADD-9073-B5CC7E2A4616}.Debug|Any CPU.ActiveCfg = Debug|Any CPU
		{23A97764-FAC8-4ADD-9073-B5CC7E2A4616}.Debug|Any CPU.Build.0 = Debug|Any CPU
		{23A97764-FAC8-4ADD-9073-B5CC7E2A4616}.Release|Any CPU.ActiveCfg = Release|Any CPU
		{23A97764-FAC8-4ADD-9073-B5CC7E2A4616}.Release|Any CPU.Build.0 = Release|Any CPU
		{D3AAAE40-0B5A-40E7-80AA-E2BE91995244}.Debug|Any CPU.ActiveCfg = Debug|Any CPU
		{D3AAAE40-0B5A-40E7-80AA-E2BE91995244}.Debug|Any CPU.Build.0 = Debug|Any CPU
		{D3AAAE40-0B5A-40E7-80AA-E2BE91995244}.Release|Any CPU.ActiveCfg = Release|Any CPU
		{D3AAAE40-0B5A-40E7-80AA-E2BE91995244}.Release|Any CPU.Build.0 = Release|Any CPU
		{5C9CD62F-B853-43BC-BBC2-76C742F3D4C3}.Debug|Any CPU.ActiveCfg = Debug|Any CPU
		{5C9CD62F-B853-43BC-BBC2-76C742F3D4C3}.Debug|Any CPU.Build.0 = Debug|Any CPU
		{5C9CD62F-B853-43BC-BBC2-76C742F3D4C3}.Release|Any CPU.ActiveCfg = Release|Any CPU
		{5C9CD62F-B853-43BC-BBC2-76C742F3D4C3}.Release|Any CPU.Build.0 = Release|Any CPU
		{C3C57096-0EC0-4A39-A3E8-C09E60260D79}.Debug|Any CPU.ActiveCfg = Debug|Any CPU
		{C3C57096-0EC0-4A39-A3E8-C09E60260D79}.Debug|Any CPU.Build.0 = Debug|Any CPU
		{C3C57096-0EC0-4A39-A3E8-C09E60260D79}.Release|Any CPU.ActiveCfg = Release|Any CPU
		{C3C57096-0EC0-4A39-A3E8-C09E60260D79}.Release|Any CPU.Build.0 = Release|Any CPU
		{EB67839F-4565-4A53-8570-30AC2047BAAA}.Debug|Any CPU.ActiveCfg = Debug|Any CPU
		{EB67839F-4565-4A53-8570-30AC2047BAAA}.Debug|Any CPU.Build.0 = Debug|Any CPU
		{EB67839F-4565-4A53-8570-30AC2047BAAA}.Release|Any CPU.ActiveCfg = Release|Any CPU
		{EB67839F-4565-4A53-8570-30AC2047BAAA}.Release|Any CPU.Build.0 = Release|Any CPU
		{2AFCB546-5CCA-407F-8E6E-69737C9E8DBD}.Debug|Any CPU.ActiveCfg = Debug|Any CPU
		{2AFCB546-5CCA-407F-8E6E-69737C9E8DBD}.Debug|Any CPU.Build.0 = Debug|Any CPU
		{2AFCB546-5CCA-407F-8E6E-69737C9E8DBD}.Release|Any CPU.ActiveCfg = Release|Any CPU
		{2AFCB546-5CCA-407F-8E6E-69737C9E8DBD}.Release|Any CPU.Build.0 = Release|Any CPU
		{E67E075C-0B32-45F6-8A1D-E6C80BFBFAF0}.Debug|Any CPU.ActiveCfg = Debug|Any CPU
		{E67E075C-0B32-45F6-8A1D-E6C80BFBFAF0}.Debug|Any CPU.Build.0 = Debug|Any CPU
		{E67E075C-0B32-45F6-8A1D-E6C80BFBFAF0}.Release|Any CPU.ActiveCfg = Release|Any CPU
		{E67E075C-0B32-45F6-8A1D-E6C80BFBFAF0}.Release|Any CPU.Build.0 = Release|Any CPU
		{A945F2A2-5667-402A-BA28-D514A6E84B87}.Debug|Any CPU.ActiveCfg = Debug|Any CPU
		{A945F2A2-5667-402A-BA28-D514A6E84B87}.Debug|Any CPU.Build.0 = Debug|Any CPU
		{A945F2A2-5667-402A-BA28-D514A6E84B87}.Release|Any CPU.ActiveCfg = Release|Any CPU
		{A945F2A2-5667-402A-BA28-D514A6E84B87}.Release|Any CPU.Build.0 = Release|Any CPU
		{8A2F5FDD-5C89-4AAE-A6A6-0872860D5035}.Debug|Any CPU.ActiveCfg = Debug|Any CPU
		{8A2F5FDD-5C89-4AAE-A6A6-0872860D5035}.Debug|Any CPU.Build.0 = Debug|Any CPU
		{8A2F5FDD-5C89-4AAE-A6A6-0872860D5035}.Release|Any CPU.ActiveCfg = Release|Any CPU
		{8A2F5FDD-5C89-4AAE-A6A6-0872860D5035}.Release|Any CPU.Build.0 = Release|Any CPU
	EndGlobalSection
	GlobalSection(SolutionProperties) = preSolution
		HideSolutionNode = FALSE
	EndGlobalSection
	GlobalSection(ExtensibilityGlobals) = postSolution
		SolutionGuid = {B054B889-D71F-463A-BF22-AC76D8F954E6}
	EndGlobalSection
EndGlobal
